
Microsoft Visual Studio Solution File, Format Version 12.00
# Visual Studio 2012
Project("{FAE04EC0-301F-11D3-BF4B-00C04F79EFBC}") = "StutiBox", "StutiBox\StutiBox.csproj", "{F1743A18-EF1F-41A6-B9E6-C1CBD710FC44}"
EndProject
Global
	GlobalSection(SolutionConfigurationPlatforms) = preSolution
		Debug|Any CPU = Debug|Any CPU
		Release|Any CPU = Release|Any CPU
	EndGlobalSection
	GlobalSection(ProjectConfigurationPlatforms) = postSolution
		{F1743A18-EF1F-41A6-B9E6-C1CBD710FC44}.Debug|Any CPU.ActiveCfg = Debug|Any CPU
		{F1743A18-EF1F-41A6-B9E6-C1CBD710FC44}.Debug|Any CPU.Build.0 = Debug|Any CPU
		{F1743A18-EF1F-41A6-B9E6-C1CBD710FC44}.Release|Any CPU.ActiveCfg = Release|Any CPU
		{F1743A18-EF1F-41A6-B9E6-C1CBD710FC44}.Release|Any CPU.Build.0 = Release|Any CPU
	EndGlobalSection
EndGlobal
